
Microsoft Visual Studio Solution File, Format Version 12.00
# Visual Studio Version 16
VisualStudioVersion = 16.0.31321.278
MinimumVisualStudioVersion = 10.0.40219.1
Project("{FAE04EC0-301F-11D3-BF4B-00C04F79EFBC}") = "Challenge 1-Komodo Cafe Console", "Gold Badge Final\Challenge 1-Komodo Cafe Console.csproj", "{7F5DA6A6-6DD6-4383-8232-12245EAC5AE5}"
EndProject
Project("{FAE04EC0-301F-11D3-BF4B-00C04F79EFBC}") = "Challenge 1-Komodo CafePOCO", "Challenge 1-Komodo CafePOCO\Challenge 1-Komodo CafePOCO.csproj", "{17075570-A5C9-4724-84EF-2B6D8357DC7F}"
EndProject
Project("{FAE04EC0-301F-11D3-BF4B-00C04F79EFBC}") = "Challenge 1-Komodo CafeRepository", "Challenge 1-Komodo CafeRepository\Challenge 1-Komodo CafeRepository.csproj", "{4990F69E-A0E7-4DC6-ABD1-BD783A28C54D}"
EndProject
Project("{FAE04EC0-301F-11D3-BF4B-00C04F79EFBC}") = "Challenge 1-Komodo CafeUnitTest", "Challenge 1-Komodo CafeUnitTest\Challenge 1-Komodo CafeUnitTest.csproj", "{E3EC1C1E-403E-4A65-907E-2AB797A38BD8}"
EndProject
Project("{FAE04EC0-301F-11D3-BF4B-00C04F79EFBC}") = "Challenge 2-Komodo Claims Dept", "Challenge 2-Komodo Claims Dept\Challenge 2-Komodo Claims Dept.csproj", "{E56FC551-6A02-4201-83A6-C4DE6CD7A895}"
EndProject
Project("{FAE04EC0-301F-11D3-BF4B-00C04F79EFBC}") = "Challenge 2-Komodo Claims DeptPOCO", "Challenge 2-Komodo Claims DeptPOCO\Challenge 2-Komodo Claims DeptPOCO.csproj", "{285AE8F9-FC9A-4143-8D6A-9F1F86288030}"
EndProject
Project("{FAE04EC0-301F-11D3-BF4B-00C04F79EFBC}") = "Challenge 2-Komodo Claims DeptRepository", "Challenge 2-Komodo Claims DeptRepository\Challenge 2-Komodo Claims DeptRepository.csproj", "{B0211A70-9194-46A5-BDE7-2FEBD620876E}"
EndProject
Project("{FAE04EC0-301F-11D3-BF4B-00C04F79EFBC}") = "Challenge 2-Komodo Claims DeptUnitTest", "Challenge 2-Komodo Claims DeptUnitTest\Challenge 2-Komodo Claims DeptUnitTest.csproj", "{87A62549-0129-40E7-AD35-EFBAF6719250}"
EndProject
Project("{FAE04EC0-301F-11D3-BF4B-00C04F79EFBC}") = "Challenge 3-Komodo Insurance Badges", "Challenge 3-Komodo Insurance Badges\Challenge 3-Komodo Insurance Badges.csproj", "{6919ED0B-FEFA-4C4B-B16E-FE8D774B5B29}"
EndProject
Project("{FAE04EC0-301F-11D3-BF4B-00C04F79EFBC}") = "Challenge 3-Komodo Insurance BadgesPOCO", "Challenge 3-Komodo Insurance BadgesPOCO\Challenge 3-Komodo Insurance BadgesPOCO.csproj", "{C0371935-8506-4E09-BDE0-497456B51A0A}"
EndProject
Project("{FAE04EC0-301F-11D3-BF4B-00C04F79EFBC}") = "Challenge 3-Komodo Insurance BadgesRepository", "Challenge 3-Komodo Insurance BadgesRepository\Challenge 3-Komodo Insurance BadgesRepository.csproj", "{25564C36-F257-44F0-8FC4-6CAE73CADD74}"
EndProject
Project("{FAE04EC0-301F-11D3-BF4B-00C04F79EFBC}") = "Challenge 3-Komodo Insurance BadgesUnitTest", "Challenge 3-Komodo Insurance BadgesUnitTest\Challenge 3-Komodo Insurance BadgesUnitTest.csproj", "{15887E73-54E7-4497-9EBD-BE97DD2AD40F}"
EndProject
Global
	GlobalSection(SolutionConfigurationPlatforms) = preSolution
		Debug|Any CPU = Debug|Any CPU
		Release|Any CPU = Release|Any CPU
	EndGlobalSection
	GlobalSection(ProjectConfigurationPlatforms) = postSolution
		{7F5DA6A6-6DD6-4383-8232-12245EAC5AE5}.Debug|Any CPU.ActiveCfg = Debug|Any CPU
		{7F5DA6A6-6DD6-4383-8232-12245EAC5AE5}.Debug|Any CPU.Build.0 = Debug|Any CPU
		{7F5DA6A6-6DD6-4383-8232-12245EAC5AE5}.Release|Any CPU.ActiveCfg = Release|Any CPU
		{7F5DA6A6-6DD6-4383-8232-12245EAC5AE5}.Release|Any CPU.Build.0 = Release|Any CPU
		{17075570-A5C9-4724-84EF-2B6D8357DC7F}.Debug|Any CPU.ActiveCfg = Debug|Any CPU
		{17075570-A5C9-4724-84EF-2B6D8357DC7F}.Debug|Any CPU.Build.0 = Debug|Any CPU
		{17075570-A5C9-4724-84EF-2B6D8357DC7F}.Release|Any CPU.ActiveCfg = Release|Any CPU
		{17075570-A5C9-4724-84EF-2B6D8357DC7F}.Release|Any CPU.Build.0 = Release|Any CPU
		{4990F69E-A0E7-4DC6-ABD1-BD783A28C54D}.Debug|Any CPU.ActiveCfg = Debug|Any CPU
		{4990F69E-A0E7-4DC6-ABD1-BD783A28C54D}.Debug|Any CPU.Build.0 = Debug|Any CPU
		{4990F69E-A0E7-4DC6-ABD1-BD783A28C54D}.Release|Any CPU.ActiveCfg = Release|Any CPU
		{4990F69E-A0E7-4DC6-ABD1-BD783A28C54D}.Release|Any CPU.Build.0 = Release|Any CPU
		{E3EC1C1E-403E-4A65-907E-2AB797A38BD8}.Debug|Any CPU.ActiveCfg = Debug|Any CPU
		{E3EC1C1E-403E-4A65-907E-2AB797A38BD8}.Debug|Any CPU.Build.0 = Debug|Any CPU
		{E3EC1C1E-403E-4A65-907E-2AB797A38BD8}.Release|Any CPU.ActiveCfg = Release|Any CPU
		{E3EC1C1E-403E-4A65-907E-2AB797A38BD8}.Release|Any CPU.Build.0 = Release|Any CPU
		{E56FC551-6A02-4201-83A6-C4DE6CD7A895}.Debug|Any CPU.ActiveCfg = Debug|Any CPU
		{E56FC551-6A02-4201-83A6-C4DE6CD7A895}.Debug|Any CPU.Build.0 = Debug|Any CPU
		{E56FC551-6A02-4201-83A6-C4DE6CD7A895}.Release|Any CPU.ActiveCfg = Release|Any CPU
		{E56FC551-6A02-4201-83A6-C4DE6CD7A895}.Release|Any CPU.Build.0 = Release|Any CPU
		{285AE8F9-FC9A-4143-8D6A-9F1F86288030}.Debug|Any CPU.ActiveCfg = Debug|Any CPU
		{285AE8F9-FC9A-4143-8D6A-9F1F86288030}.Debug|Any CPU.Build.0 = Debug|Any CPU
		{285AE8F9-FC9A-4143-8D6A-9F1F86288030}.Release|Any CPU.ActiveCfg = Release|Any CPU
		{285AE8F9-FC9A-4143-8D6A-9F1F86288030}.Release|Any CPU.Build.0 = Release|Any CPU
		{B0211A70-9194-46A5-BDE7-2FEBD620876E}.Debug|Any CPU.ActiveCfg = Debug|Any CPU
		{B0211A70-9194-46A5-BDE7-2FEBD620876E}.Debug|Any CPU.Build.0 = Debug|Any CPU
		{B0211A70-9194-46A5-BDE7-2FEBD620876E}.Release|Any CPU.ActiveCfg = Release|Any CPU
		{B0211A70-9194-46A5-BDE7-2FEBD620876E}.Release|Any CPU.Build.0 = Release|Any CPU
		{87A62549-0129-40E7-AD35-EFBAF6719250}.Debug|Any CPU.ActiveCfg = Debug|Any CPU
		{87A62549-0129-40E7-AD35-EFBAF6719250}.Debug|Any CPU.Build.0 = Debug|Any CPU
		{87A62549-0129-40E7-AD35-EFBAF6719250}.Release|Any CPU.ActiveCfg = Release|Any CPU
		{87A62549-0129-40E7-AD35-EFBAF6719250}.Release|Any CPU.Build.0 = Release|Any CPU
		{6919ED0B-FEFA-4C4B-B16E-FE8D774B5B29}.Debug|Any CPU.ActiveCfg = Debug|Any CPU
		{6919ED0B-FEFA-4C4B-B16E-FE8D774B5B29}.Debug|Any CPU.Build.0 = Debug|Any CPU
		{6919ED0B-FEFA-4C4B-B16E-FE8D774B5B29}.Release|Any CPU.ActiveCfg = Release|Any CPU
		{6919ED0B-FEFA-4C4B-B16E-FE8D774B5B29}.Release|Any CPU.Build.0 = Release|Any CPU
		{C0371935-8506-4E09-BDE0-497456B51A0A}.Debug|Any CPU.ActiveCfg = Debug|Any CPU
		{C0371935-8506-4E09-BDE0-497456B51A0A}.Debug|Any CPU.Build.0 = Debug|Any CPU
		{C0371935-8506-4E09-BDE0-497456B51A0A}.Release|Any CPU.ActiveCfg = Release|Any CPU
		{C0371935-8506-4E09-BDE0-497456B51A0A}.Release|Any CPU.Build.0 = Release|Any CPU
		{25564C36-F257-44F0-8FC4-6CAE73CADD74}.Debug|Any CPU.ActiveCfg = Debug|Any CPU
		{25564C36-F257-44F0-8FC4-6CAE73CADD74}.Debug|Any CPU.Build.0 = Debug|Any CPU
		{25564C36-F257-44F0-8FC4-6CAE73CADD74}.Release|Any CPU.ActiveCfg = Release|Any CPU
		{25564C36-F257-44F0-8FC4-6CAE73CADD74}.Release|Any CPU.Build.0 = Release|Any CPU
		{15887E73-54E7-4497-9EBD-BE97DD2AD40F}.Debug|Any CPU.ActiveCfg = Debug|Any CPU
		{15887E73-54E7-4497-9EBD-BE97DD2AD40F}.Debug|Any CPU.Build.0 = Debug|Any CPU
		{15887E73-54E7-4497-9EBD-BE97DD2AD40F}.Release|Any CPU.ActiveCfg = Release|Any CPU
		{15887E73-54E7-4497-9EBD-BE97DD2AD40F}.Release|Any CPU.Build.0 = Release|Any CPU
	EndGlobalSection
	GlobalSection(SolutionProperties) = preSolution
		HideSolutionNode = FALSE
	EndGlobalSection
	GlobalSection(ExtensibilityGlobals) = postSolution
		SolutionGuid = {D3963B38-4889-4D3B-8610-1D7E48BE5114}
	EndGlobalSection
EndGlobal
